
Microsoft Visual Studio Solution File, Format Version 12.00
# Visual Studio 14
VisualStudioVersion = 14.0.25420.1
MinimumVisualStudioVersion = 10.0.40219.1
Project("{FAE04EC0-301F-11D3-BF4B-00C04F79EFBC}") = "Exercise.Cafe.Core", "Exercise.Cafe.Core\Exercise.Cafe.Core.csproj", "{9E06A9F7-3983-4F39-B450-AA03C6E054BF}"
EndProject
Project("{FAE04EC0-301F-11D3-BF4B-00C04F79EFBC}") = "Exercise.Cafe.Test", "Exercise.Cafe.Test\Exercise.Cafe.Test.csproj", "{CA3AB965-5BBF-445D-B192-6FD5DE7740B3}"
EndProject
Global
	GlobalSection(SolutionConfigurationPlatforms) = preSolution
		Debug|Any CPU = Debug|Any CPU
		Release|Any CPU = Release|Any CPU
	EndGlobalSection
	GlobalSection(ProjectConfigurationPlatforms) = postSolution
		{9E06A9F7-3983-4F39-B450-AA03C6E054BF}.Debug|Any CPU.ActiveCfg = Debug|Any CPU
		{9E06A9F7-3983-4F39-B450-AA03C6E054BF}.Debug|Any CPU.Build.0 = Debug|Any CPU
		{9E06A9F7-3983-4F39-B450-AA03C6E054BF}.Release|Any CPU.ActiveCfg = Release|Any CPU
		{9E06A9F7-3983-4F39-B450-AA03C6E054BF}.Release|Any CPU.Build.0 = Release|Any CPU
		{CA3AB965-5BBF-445D-B192-6FD5DE7740B3}.Debug|Any CPU.ActiveCfg = Debug|Any CPU
		{CA3AB965-5BBF-445D-B192-6FD5DE7740B3}.Debug|Any CPU.Build.0 = Debug|Any CPU
		{CA3AB965-5BBF-445D-B192-6FD5DE7740B3}.Release|Any CPU.ActiveCfg = Release|Any CPU
		{CA3AB965-5BBF-445D-B192-6FD5DE7740B3}.Release|Any CPU.Build.0 = Release|Any CPU
	EndGlobalSection
	GlobalSection(SolutionProperties) = preSolution
		HideSolutionNode = FALSE
	EndGlobalSection
EndGlobal
